
Microsoft Visual Studio Solution File, Format Version 12.00
# Visual Studio Version 17
VisualStudioVersion = 17.11.35327.3
MinimumVisualStudioVersion = 10.0.40219.1
Project("{FAE04EC0-301F-11D3-BF4B-00C04F79EFBC}") = "WyvernWatch", "WyvernWatch.csproj", "{FE89276E-216C-49E4-8A4C-EE2FCE17E4ED}"
EndProject
Global
	GlobalSection(SolutionConfigurationPlatforms) = preSolution
		Debug|Any CPU = Debug|Any CPU
		Release|Any CPU = Release|Any CPU
	EndGlobalSection
	GlobalSection(ProjectConfigurationPlatforms) = postSolution
		{FE89276E-216C-49E4-8A4C-EE2FCE17E4ED}.Debug|Any CPU.ActiveCfg = Debug|Any CPU
		{FE89276E-216C-49E4-8A4C-EE2FCE17E4ED}.Debug|Any CPU.Build.0 = Debug|Any CPU
		{FE89276E-216C-49E4-8A4C-EE2FCE17E4ED}.Release|Any CPU.ActiveCfg = Release|Any CPU
		{FE89276E-216C-49E4-8A4C-EE2FCE17E4ED}.Release|Any CPU.Build.0 = Release|Any CPU
	EndGlobalSection
	GlobalSection(SolutionProperties) = preSolution
		HideSolutionNode = FALSE
	EndGlobalSection
	GlobalSection(ExtensibilityGlobals) = postSolution
		SolutionGuid = {F594E612-FF1D-45B6-9BE6-AA7A23B5122D}
	EndGlobalSection
EndGlobal
